
Microsoft Visual Studio Solution File, Format Version 12.00
# Visual Studio 14
VisualStudioVersion = 14.0.23107.0
MinimumVisualStudioVersion = 10.0.40219.1
Project("{F2A71F9B-5D33-465A-A702-920D77279786}") = "edxFS3", "edxFS3\edxFS3.fsproj", "{88D5E1E9-0C7A-49D0-9185-30613BFD5C32}"
EndProject
Project("{F2A71F9B-5D33-465A-A702-920D77279786}") = "edxFS4", "edxFS4\edxFS4.fsproj", "{C4FCAE42-C387-4730-8F05-78DB6EE1E79A}"
EndProject
Project("{F2A71F9B-5D33-465A-A702-920D77279786}") = "edxFS1", "edxFS1\edxFS1.fsproj", "{88C6A5D2-FEFC-4A31-BE00-7246439404B0}"
EndProject
Project("{F2A71F9B-5D33-465A-A702-920D77279786}") = "edxFS2", "edxFS2\edxFS2.fsproj", "{46DB77FB-7FEA-4401-986D-0F52994555C6}"
EndProject
Project("{F2A71F9B-5D33-465A-A702-920D77279786}") = "edxFS5", "edxFS5\edxFS5.fsproj", "{00030BAB-09F2-481A-B27D-C4DABFF92E02}"
EndProject
Global
	GlobalSection(SolutionConfigurationPlatforms) = preSolution
		Debug|Any CPU = Debug|Any CPU
		Release|Any CPU = Release|Any CPU
	EndGlobalSection
	GlobalSection(ProjectConfigurationPlatforms) = postSolution
		{88D5E1E9-0C7A-49D0-9185-30613BFD5C32}.Debug|Any CPU.ActiveCfg = Debug|Any CPU
		{88D5E1E9-0C7A-49D0-9185-30613BFD5C32}.Debug|Any CPU.Build.0 = Debug|Any CPU
		{88D5E1E9-0C7A-49D0-9185-30613BFD5C32}.Release|Any CPU.ActiveCfg = Release|Any CPU
		{88D5E1E9-0C7A-49D0-9185-30613BFD5C32}.Release|Any CPU.Build.0 = Release|Any CPU
		{C4FCAE42-C387-4730-8F05-78DB6EE1E79A}.Debug|Any CPU.ActiveCfg = Debug|Any CPU
		{C4FCAE42-C387-4730-8F05-78DB6EE1E79A}.Debug|Any CPU.Build.0 = Debug|Any CPU
		{C4FCAE42-C387-4730-8F05-78DB6EE1E79A}.Release|Any CPU.ActiveCfg = Release|Any CPU
		{C4FCAE42-C387-4730-8F05-78DB6EE1E79A}.Release|Any CPU.Build.0 = Release|Any CPU
		{88C6A5D2-FEFC-4A31-BE00-7246439404B0}.Debug|Any CPU.ActiveCfg = Debug|Any CPU
		{88C6A5D2-FEFC-4A31-BE00-7246439404B0}.Debug|Any CPU.Build.0 = Debug|Any CPU
		{88C6A5D2-FEFC-4A31-BE00-7246439404B0}.Release|Any CPU.ActiveCfg = Release|Any CPU
		{88C6A5D2-FEFC-4A31-BE00-7246439404B0}.Release|Any CPU.Build.0 = Release|Any CPU
		{46DB77FB-7FEA-4401-986D-0F52994555C6}.Debug|Any CPU.ActiveCfg = Debug|Any CPU
		{46DB77FB-7FEA-4401-986D-0F52994555C6}.Debug|Any CPU.Build.0 = Debug|Any CPU
		{46DB77FB-7FEA-4401-986D-0F52994555C6}.Release|Any CPU.ActiveCfg = Release|Any CPU
		{46DB77FB-7FEA-4401-986D-0F52994555C6}.Release|Any CPU.Build.0 = Release|Any CPU
		{00030BAB-09F2-481A-B27D-C4DABFF92E02}.Debug|Any CPU.ActiveCfg = Debug|Any CPU
		{00030BAB-09F2-481A-B27D-C4DABFF92E02}.Debug|Any CPU.Build.0 = Debug|Any CPU
		{00030BAB-09F2-481A-B27D-C4DABFF92E02}.Release|Any CPU.ActiveCfg = Release|Any CPU
		{00030BAB-09F2-481A-B27D-C4DABFF92E02}.Release|Any CPU.Build.0 = Release|Any CPU
	EndGlobalSection
	GlobalSection(SolutionProperties) = preSolution
		HideSolutionNode = FALSE
	EndGlobalSection
EndGlobal
